// !$*UTF8*$!
{
	archiveVersion = 1;
	classes = {
	};
	objectVersion = 50;
	objects = {

/* Begin PBXBuildFile section */
		5A2A822E207DF0F200B61782 /* CornerstoneCrack.h in Headers */ = {isa = PBXBuildFile; fileRef = 5A2A822D207DF0F200B61782 /* CornerstoneCrack.h */; };
		5A2A8230207DF0F200B61782 /* CornerstoneCrack.m in Sources */ = {isa = PBXBuildFile; fileRef = 5A2A822F207DF0F200B61782 /* CornerstoneCrack.m */; };
		5A2A8238207DF11700B61782 /* JRSwizzle.h in Headers */ = {isa = PBXBuildFile; fileRef = 5A2A8236207DF11700B61782 /* JRSwizzle.h */; };
		5A2A8239207DF11700B61782 /* JRSwizzle.m in Sources */ = {isa = PBXBuildFile; fileRef = 5A2A8237207DF11700B61782 /* JRSwizzle.m */; };
/* End PBXBuildFile section */

/* Begin PBXFileReference section */
		5A2A822A207DF0F200B61782 /* libCornerstoneCrack.dylib */ = {isa = PBXFileReference; explicitFileType = "compiled.mach-o.dylib"; includeInIndex = 0; path = libCornerstoneCrack.dylib; sourceTree = BUILT_PRODUCTS_DIR; };
		5A2A822D207DF0F200B61782 /* CornerstoneCrack.h */ = {isa = PBXFileReference; lastKnownFileType = sourcecode.c.h; path = CornerstoneCrack.h; sourceTree = "<group>"; };
		5A2A822F207DF0F200B61782 /* CornerstoneCrack.m */ = {isa = PBXFileReference; lastKnownFileType = sourcecode.c.objc; path = CornerstoneCrack.m; sourceTree = "<group>"; };
		5A2A8236207DF11700B61782 /* JRSwizzle.h */ = {isa = PBXFileReference; fileEncoding = 4; lastKnownFileType = sourcecode.c.h; path = JRSwizzle.h; sourceTree = "<group>"; };
		5A2A8237207DF11700B61782 /* JRSwizzle.m */ = {isa = PBXFileReference; fileEncoding = 4; lastKnownFileType = sourcecode.c.objc; path = JRSwizzle.m; sourceTree = "<group>"; };
/* End PBXFileReference section */

/* Begin PBXFrameworksBuildPhase section */
		5A2A8227207DF0F200B61782 /* Frameworks */ = {
			isa = PBXFrameworksBuildPhase;
			buildActionMask = 2147483647;
			files = (
			);
			runOnlyForDeploymentPostprocessing = 0;
		};
/* End PBXFrameworksBuildPhase section */

/* Begin PBXGroup section */
		5A2A8221207DF0F200B61782 = {
			isa = PBXGroup;
			children = (
				5A2A822C207DF0F200B61782 /* CornerstoneCrack */,
				5A2A822B207DF0F200B61782 /* Products */,
			);
			sourceTree = "<group>";
		};
		5A2A822B207DF0F200B61782 /* Products */ = {
			isa = PBXGroup;
			children = (
				5A2A822A207DF0F200B61782 /* libCornerstoneCrack.dylib */,
			);
			name = Products;
			sourceTree = "<group>";
		};
		5A2A822C207DF0F200B61782 /* CornerstoneCrack */ = {
			isa = PBXGroup;
			children = (
				5A2A822D207DF0F200B61782 /* CornerstoneCrack.h */,
				5A2A822F207DF0F200B61782 /* CornerstoneCrack.m */,
				5A2A8236207DF11700B61782 /* JRSwizzle.h */,
				5A2A8237207DF11700B61782 /* JRSwizzle.m */,
			);
			path = CornerstoneCrack;
			sourceTree = "<group>";
		};
/* End PBXGroup section */

/* Begin PBXHeadersBuildPhase section */
		5A2A8228207DF0F200B61782 /* Headers */ = {
			isa = PBXHeadersBuildPhase;
			buildActionMask = 2147483647;
			files = (
				5A2A822E207DF0F200B61782 /* CornerstoneCrack.h in Headers */,
				5A2A8238207DF11700B61782 /* JRSwizzle.h in Headers */,
			);
			runOnlyForDeploymentPostprocessing = 0;
		};
/* End PBXHeadersBuildPhase section */

/* Begin PBXNativeTarget section */
		5A2A8229207DF0F200B61782 /* CornerstoneCrack */ = {
			isa = PBXNativeTarget;
			buildConfigurationList = 5A2A8233207DF0F200B61782 /* Build configuration list for PBXNativeTarget "CornerstoneCrack" */;
			buildPhases = (
				5A2A8226207DF0F200B61782 /* Sources */,
				5A2A8227207DF0F200B61782 /* Frameworks */,
				5A2A8228207DF0F200B61782 /* Headers */,
			);
			buildRules = (
			);
			dependencies = (
			);
			name = CornerstoneCrack;
			productName = CornerstoneCrack;
			productReference = 5A2A822A207DF0F200B61782 /* libCornerstoneCrack.dylib */;
			productType = "com.apple.product-type.library.dynamic";
		};
/* End PBXNativeTarget section */

/* Begin PBXProject section */
		5A2A8222207DF0F200B61782 /* Project object */ = {
			isa = PBXProject;
			attributes = {
				LastUpgradeCheck = 0930;
				ORGANIZATIONNAME = ky;
				TargetAttributes = {
					5A2A8229207DF0F200B61782 = {
						CreatedOnToolsVersion = 9.3;
					};
				};
			};
			buildConfigurationList = 5A2A8225207DF0F200B61782 /* Build configuration list for PBXProject "CornerstoneCrack" */;
			compatibilityVersion = "Xcode 9.3";
			developmentRegion = en;
			hasScannedForEncodings = 0;
			knownRegions = (
				en,
			);
			mainGroup = 5A2A8221207DF0F200B61782;
			productRefGroup = 5A2A822B207DF0F200B61782 /* Products */;
			projectDirPath = "";
			projectRoot = "";
			targets = (
				5A2A8229207DF0F200B61782 /* CornerstoneCrack */,
			);
		};
/* End PBXProject section */

/* Begin PBXSourcesBuildPhase section */
		5A2A8226207DF0F200B61782 /* Sources */ = {
			isa = PBXSourcesBuildPhase;
			buildActionMask = 2147483647;
			files = (
				5A2A8239207DF11700B61782 /* JRSwizzle.m in Sources */,
				5A2A8230207DF0F200B61782 /* CornerstoneCrack.m in Sources */,
			);
			runOnlyForDeploymentPostprocessing = 0;
		};
/* End PBXSourcesBuildPhase section */

/* Begin XCBuildConfiguration section */
		5A2A8231207DF0F200B61782 /* Debug */ = {
			isa = XCBuildConfiguration;
			buildSettings = {
				ALWAYS_SEARCH_USER_PATHS = NO;
				CLANG_ANALYZER_NONNULL = YES;
				CLANG_ANALYZER_NUMBER_OBJECT_CONVERSION = YES_AGGRESSIVE;
				CLANG_CXX_LANGUAGE_STANDARD = "gnu++14";
				CLANG_CXX_LIBRARY = "libc++";
				CLANG_ENABLE_MODULES = YES;
				CLANG_ENABLE_OBJC_ARC = YES;
				CLANG_ENABLE_OBJC_WEAK = YES;
				CLANG_WARN_BLOCK_CAPTURE_AUTORELEASING = YES;
				CLANG_WARN_BOOL_CONVERSION = YES;
				CLANG_WARN_COMMA = YES;
				CLANG_WARN_CONSTANT_CONVERSION = YES;
				CLANG_WARN_DEPRECATED_OBJC_IMPLEMENTATIONS = YES;
				CLANG_WARN_DIRECT_OBJC_ISA_USAGE = YES_ERROR;
				CLANG_WARN_DOCUMENTATION_COMMENTS = YES;
				CLANG_WARN_EMPTY_BODY = YES;
				CLANG_WARN_ENUM_CONVERSION = YES;
				CLANG_WARN_INFINITE_RECURSION = YES;
				CLANG_WARN_INT_CONVERSION = YES;
				CLANG_WARN_NON_LITERAL_NULL_CONVERSION = YES;
				CLANG_WARN_OBJC_IMPLICIT_RETAIN_SELF = YES;
				CLANG_WARN_OBJC_LITERAL_CONVERSION = YES;
				CLANG_WARN_OBJC_ROOT_CLASS = YES_ERROR;
				CLANG_WARN_RANGE_LOOP_ANALYSIS = YES;
				CLANG_WARN_STRICT_PROTOTYPES = YES;
				CLANG_WARN_SUSPICIOUS_MOVE = YES;
				CLANG_WARN_UNGUARDED_AVAILABILITY = YES_AGGRESSIVE;
				CLANG_WARN_UNREACHABLE_CODE = YES;
				CLANG_WARN__DUPLICATE_METHOD_MATCH = YES;
				CODE_SIGN_IDENTITY = "Mac Developer";
				COPY_PHASE_STRIP = NO;
				DEBUG_INFORMATION_FORMAT = dwarf;
				ENABLE_STRICT_OBJC_MSGSEND = YES;
				ENABLE_TESTABILITY = YES;
				GCC_C_LANGUAGE_STANDARD = gnu11;
				GCC_DYNAMIC_NO_PIC = NO;
				GCC_NO_COMMON_BLOCKS = YES;
				GCC_OPTIMIZATION_LEVEL = 0;
				GCC_PREPROCESSOR_DEFINITIONS = (
					"DEBUG=1",
					"$(inherited)",
				);
				GCC_WARN_64_TO_32_BIT_CONVERSION = YES;
				GCC_WARN_ABOUT_RETURN_TYPE = YES_ERROR;
				GCC_WARN_UNDECLARED_SELECTOR = YES;
				GCC_WARN_UNINITIALIZED_AUTOS = YES_AGGRESSIVE;
				GCC_WARN_UNUSED_FUNCTION = YES;
				GCC_WARN_UNUSED_VARIABLE = YES;
				MACOSX_DEPLOYMENT_TARGET = 10.13;
				MTL_ENABLE_DEBUG_INFO = YES;
				ONLY_ACTIVE_ARCH = YES;
				SDKROOT = macosx;
			};
			name = Debug;
		};
		5A2A8232207DF0F200B61782 /* Release */ = {
			isa = XCBuildConfiguration;
			buildSettings = {
				ALWAYS_SEARCH_USER_PATHS = NO;
				CLANG_ANALYZER_NONNULL = YES;
				CLANG_ANALYZER_NUMBER_OBJECT_CONVERSION = YES_AGGRESSIVE;
				CLANG_CXX_LANGUAGE_STANDARD = "gnu++14";
				CLANG_CXX_LIBRARY = "libc++";
				CLANG_ENABLE_MODULES = YES;
				CLANG_ENABLE_OBJC_ARC = YES;
				CLANG_ENABLE_OBJC_WEAK = YES;
				CLANG_WARN_BLOCK_CAPTURE_AUTORELEASING = YES;
				CLANG_WARN_BOOL_CONVERSION = YES;
				CLANG_WARN_COMMA = YES;
				CLANG_WARN_CONSTANT_CONVERSION = YES;
				CLANG_WARN_DEPRECATED_OBJC_IMPLEMENTATIONS = YES;
				CLANG_WARN_DIRECT_OBJC_ISA_USAGE = YES_ERROR;
				CLANG_WARN_DOCUMENTATION_COMMENTS = YES;
				CLANG_WARN_EMPTY_BODY = YES;
				CLANG_WARN_ENUM_CONVERSION = YES;
				CLANG_WARN_INFINITE_RECURSION = YES;
				CLANG_WARN_INT_CONVERSION = YES;
				CLANG_WARN_NON_LITERAL_NULL_CONVERSION = YES;
				CLANG_WARN_OBJC_IMPLICIT_RETAIN_SELF = YES;
				CLANG_WARN_OBJC_LITERAL_CONVERSION = YES;
				CLANG_WARN_OBJC_ROOT_CLASS = YES_ERROR;
				CLANG_WARN_RANGE_LOOP_ANALYSIS = YES;
				CLANG_WARN_STRICT_PROTOTYPES = YES;
				CLANG_WARN_SUSPICIOUS_MOVE = YES;
				CLANG_WARN_UNGUARDED_AVAILABILITY = YES_AGGRESSIVE;
				CLANG_WARN_UNREACHABLE_CODE = YES;
				CLANG_WARN__DUPLICATE_METHOD_MATCH = YES;
				CODE_SIGN_IDENTITY = "Mac Developer";
				COPY_PHASE_STRIP = NO;
				DEBUG_INFORMATION_FORMAT = "dwarf-with-dsym";
				ENABLE_NS_ASSERTIONS = NO;
				ENABLE_STRICT_OBJC_MSGSEND = YES;
				GCC_C_LANGUAGE_STANDARD = gnu11;
				GCC_NO_COMMON_BLOCKS = YES;
				GCC_WARN_64_TO_32_BIT_CONVERSION = YES;
				GCC_WARN_ABOUT_RETURN_TYPE = YES_ERROR;
				GCC_WARN_UNDECLARED_SELECTOR = YES;
				GCC_WARN_UNINITIALIZED_AUTOS = YES_AGGRESSIVE;
				GCC_WARN_UNUSED_FUNCTION = YES;
				GCC_WARN_UNUSED_VARIABLE = YES;
				MACOSX_DEPLOYMENT_TARGET = 10.13;
				MTL_ENABLE_DEBUG_INFO = NO;
				SDKROOT = macosx;
			};
			name = Release;
		};
		5A2A8234207DF0F200B61782 /* Debug */ = {
			isa = XCBuildConfiguration;
			buildSettings = {
				CODE_SIGN_STYLE = Automatic;
				DEVELOPMENT_TEAM = R9FM9QJB4R;
				DYLIB_COMPATIBILITY_VERSION = 1;
				DYLIB_CURRENT_VERSION = 1;
				EXECUTABLE_PREFIX = lib;
				PRODUCT_NAME = "$(TARGET_NAME)";
				SKIP_INSTALL = YES;
			};
			name = Debug;
		};
		5A2A8235207DF0F200B61782 /* Release */ = {
			isa = XCBuildConfiguration;
			buildSettings = {
				CODE_SIGN_STYLE = Automatic;
				DEVELOPMENT_TEAM = R9FM9QJB4R;
				DYLIB_COMPATIBILITY_VERSION = 1;
				DYLIB_CURRENT_VERSION = 1;
				EXECUTABLE_PREFIX = lib;
				PRODUCT_NAME = "$(TARGET_NAME)";
				SKIP_INSTALL = YES;
			};
			name = Release;
		};
/* End XCBuildConfiguration section */

/* Begin XCConfigurationList section */
		5A2A8225207DF0F200B61782 /* Build configuration list for PBXProject "CornerstoneCrack" */ = {
			isa = XCConfigurationList;
			buildConfigurations = (
				5A2A8231207DF0F200B61782 /* Debug */,
				5A2A8232207DF0F200B61782 /* Release */,
			);
			defaultConfigurationIsVisible = 0;
			defaultConfigurationName = Release;
		};
		5A2A8233207DF0F200B61782 /* Build configuration list for PBXNativeTarget "CornerstoneCrack" */ = {
			isa = XCConfigurationList;
			buildConfigurations = (
				5A2A8234207DF0F200B61782 /* Debug */,
				5A2A8235207DF0F200B61782 /* Release */,
			);
			defaultConfigurationIsVisible = 0;
			defaultConfigurationName = Release;
		};
/* End XCConfigurationList section */
	};
	rootObject = 5A2A8222207DF0F200B61782 /* Project object */;
}
